{
  "version": 4,
  "terraform_version": "1.9.8",
  "serial": 16,
  "lineage": "1c92ed46-90b6-e14a-d1fa-6da17c74d11d",
  "outputs": {
    "ca_certificate": {
      "value": "LS0tLS1CRUdJTiBDRVJUSUZJQ0FURS0tLS0tCk1JSURCVENDQWUyZ0F3SUJBZ0lJTnpVdU9Oby9JSTR3RFFZSktvWklodmNOQVFFTEJRQXdGVEVUTUJFR0ExVUUKQXhNS2EzVmlaWEp1WlhSbGN6QWVGdzB5TlRBMk1UZ3lNakE1TXpKYUZ3MHpOVEEyTVRZeU1qRTBNekphTUJVeApFekFSQmdOVkJBTVRDbXQxWW1WeWJtVjBaWE13Z2dFaU1BMEdDU3FHU0liM0RRRUJBUVVBQTRJQkR3QXdnZ0VLCkFvSUJBUUQ1YUxjNEhuYkI4WEcxTWpZdzhmN1ZMczRSRzgxT2t6N1B5ZDRPSnQzMHltR0FNaWNXamZmNUdpd1IKL2Y1RnpoQVlTc05hTDZYNTcwNUFmVXcwejRINEtDVUxxTGVnWUJaRFhnM3ViWUNYVVYrZ25RMjJBYjVrZHpVbApBUWtWUWltYlpZK2hXZVdKVEJsUVR0ZTZPaHFWbWlFWmJZazI5dk5UOWhOWlJhRExJYzdmQ2pheWUwVmZlMmF5CjJScXBYZWZVVDQ3OXQ5M0xMVG5rZEVOd2tmS2N0SWduMVF0OWwwOUJVbFBDRDgzQUFyWGRHMWJBSWU1cHA4TlcKVlFXL1cwYktUL09RSzFxTnEyY3phMllsRWpRbHVMSTNyVGpuNXg0UzlqNjJxSHBLS1NoZTZUUm1aeUhKZmdQVQp4dThUVGhiYlAwd0dvVmgxVkZYeHBnU1pjVHRiQWdNQkFBR2pXVEJYTUE0R0ExVWREd0VCL3dRRUF3SUNwREFQCkJnTlZIUk1CQWY4RUJUQURBUUgvTUIwR0ExVWREZ1FXQkJTT3lSRTM5R2NwVGJRcHU2TFhueUpkbTFtVy9UQVYKQmdOVkhSRUVEakFNZ2dwcmRXSmxjbTVsZEdWek1BMEdDU3FHU0liM0RRRUJDd1VBQTRJQkFRQWtzRXFqUGdBYQpETGgvRG1oem8xS3dsYWRvdThRVUxaaENVbnVlWWI2QjA4aXlldXBRSElJdElDTDkxd1RRRUhsMzVRL1dYYjkzCjJ0WTlzMjBvYUhKQ2tXakc5TUx2cXZYT2hoUmFLMXZ3a1hwTXFROHJzbmJNRXA5YjlINTFnZVB3VHhGaFR0cjMKNk1UOHFRc0trR3QrQXprVU41QlNLbCtnUmtTWGFnU044cy9iclVid3VCeHVvT3JHaW5yZEgrSnRyZzBBN0Z4YgpXUm1EaVlVL3N3dnhOM3ZVUnBkWWs2ZlFPN2RCbTVDSDlNQ0xTQldrK1BOaXZMeWUvRDN4R05zYTBhcDh5dFYwCmRaOGFjWkprVTBFOG52YVU0RlZad0tMQ1ZwZGNNT3N5dWxFUG1wVG5aWUllNE10RGtSanJCeCs3d0ZVaHJVZSsKa2NzOWdXSTBvQ095Ci0tLS0tRU5EIENFUlRJRklDQVRFLS0tLS0K",
      "type": "string"
    },
    "cluster_name": {
      "value": "my-eks-cluster",
      "type": "string"
    },
    "kubeconfig": {
      "value": "https://C1F74552DBE3E77618E11AB284D00AF5.gr7.us-east-2.eks.amazonaws.com",
      "type": "string"
    }
  },
  "resources": [
    {
      "mode": "data",
      "type": "aws_availability_zones",
      "name": "available",
      "provider": "provider[\"registry.terraform.io/hashicorp/aws\"]",
      "instances": [
        {
          "schema_version": 0,
          "attributes": {
            "all_availability_zones": null,
            "exclude_names": null,
            "exclude_zone_ids": null,
            "filter": null,
            "group_names": [
              "us-east-2-zg-1"
            ],
            "id": "us-east-2",
            "names": [
              "us-east-2a",
              "us-east-2b",
              "us-east-2c"
            ],
            "region": "us-east-2",
            "state": null,
            "timeouts": null,
            "zone_ids": [
              "use2-az1",
              "use2-az2",
              "use2-az3"
            ]
          },
          "sensitive_attributes": []
        }
      ]
    },
    {
      "mode": "managed",
      "type": "aws_eks_cluster",
      "name": "eks",
      "provider": "provider[\"registry.terraform.io/hashicorp/aws\"]",
      "instances": [
        {
          "schema_version": 1,
          "attributes": {
            "access_config": [
              {
                "authentication_mode": "CONFIG_MAP",
                "bootstrap_cluster_creator_admin_permissions": true
              }
            ],
            "arn": "arn:aws:eks:us-east-2:975050147953:cluster/my-eks-cluster",
            "bootstrap_self_managed_addons": true,
            "certificate_authority": [
              {
                "data": "LS0tLS1CRUdJTiBDRVJUSUZJQ0FURS0tLS0tCk1JSURCVENDQWUyZ0F3SUJBZ0lJTnpVdU9Oby9JSTR3RFFZSktvWklodmNOQVFFTEJRQXdGVEVUTUJFR0ExVUUKQXhNS2EzVmlaWEp1WlhSbGN6QWVGdzB5TlRBMk1UZ3lNakE1TXpKYUZ3MHpOVEEyTVRZeU1qRTBNekphTUJVeApFekFSQmdOVkJBTVRDbXQxWW1WeWJtVjBaWE13Z2dFaU1BMEdDU3FHU0liM0RRRUJBUVVBQTRJQkR3QXdnZ0VLCkFvSUJBUUQ1YUxjNEhuYkI4WEcxTWpZdzhmN1ZMczRSRzgxT2t6N1B5ZDRPSnQzMHltR0FNaWNXamZmNUdpd1IKL2Y1RnpoQVlTc05hTDZYNTcwNUFmVXcwejRINEtDVUxxTGVnWUJaRFhnM3ViWUNYVVYrZ25RMjJBYjVrZHpVbApBUWtWUWltYlpZK2hXZVdKVEJsUVR0ZTZPaHFWbWlFWmJZazI5dk5UOWhOWlJhRExJYzdmQ2pheWUwVmZlMmF5CjJScXBYZWZVVDQ3OXQ5M0xMVG5rZEVOd2tmS2N0SWduMVF0OWwwOUJVbFBDRDgzQUFyWGRHMWJBSWU1cHA4TlcKVlFXL1cwYktUL09RSzFxTnEyY3phMllsRWpRbHVMSTNyVGpuNXg0UzlqNjJxSHBLS1NoZTZUUm1aeUhKZmdQVQp4dThUVGhiYlAwd0dvVmgxVkZYeHBnU1pjVHRiQWdNQkFBR2pXVEJYTUE0R0ExVWREd0VCL3dRRUF3SUNwREFQCkJnTlZIUk1CQWY4RUJUQURBUUgvTUIwR0ExVWREZ1FXQkJTT3lSRTM5R2NwVGJRcHU2TFhueUpkbTFtVy9UQVYKQmdOVkhSRUVEakFNZ2dwcmRXSmxjbTVsZEdWek1BMEdDU3FHU0liM0RRRUJDd1VBQTRJQkFRQWtzRXFqUGdBYQpETGgvRG1oem8xS3dsYWRvdThRVUxaaENVbnVlWWI2QjA4aXlldXBRSElJdElDTDkxd1RRRUhsMzVRL1dYYjkzCjJ0WTlzMjBvYUhKQ2tXakc5TUx2cXZYT2hoUmFLMXZ3a1hwTXFROHJzbmJNRXA5YjlINTFnZVB3VHhGaFR0cjMKNk1UOHFRc0trR3QrQXprVU41QlNLbCtnUmtTWGFnU044cy9iclVid3VCeHVvT3JHaW5yZEgrSnRyZzBBN0Z4YgpXUm1EaVlVL3N3dnhOM3ZVUnBkWWs2ZlFPN2RCbTVDSDlNQ0xTQldrK1BOaXZMeWUvRDN4R05zYTBhcDh5dFYwCmRaOGFjWkprVTBFOG52YVU0RlZad0tMQ1ZwZGNNT3N5dWxFUG1wVG5aWUllNE10RGtSanJCeCs3d0ZVaHJVZSsKa2NzOWdXSTBvQ095Ci0tLS0tRU5EIENFUlRJRklDQVRFLS0tLS0K"
              }
            ],
            "cluster_id": null,
            "compute_config": [],
            "created_at": "2025-06-18T22:10:10Z",
            "enabled_cluster_log_types": null,
            "encryption_config": [],
            "endpoint": "https://C1F74552DBE3E77618E11AB284D00AF5.gr7.us-east-2.eks.amazonaws.com",
            "force_update_version": null,
            "id": "my-eks-cluster",
            "identity": [
              {
                "oidc": [
                  {
                    "issuer": "https://oidc.eks.us-east-2.amazonaws.com/id/C1F74552DBE3E77618E11AB284D00AF5"
                  }
                ]
              }
            ],
            "kubernetes_network_config": [
              {
                "elastic_load_balancing": [
                  {
                    "enabled": false
                  }
                ],
                "ip_family": "ipv4",
                "service_ipv4_cidr": "172.20.0.0/16",
                "service_ipv6_cidr": ""
              }
            ],
            "name": "my-eks-cluster",
            "outpost_config": [],
            "platform_version": "eks.12",
            "region": "us-east-2",
            "remote_network_config": [],
            "role_arn": "arn:aws:iam::975050147953:role/eksClusterRole",
            "status": "ACTIVE",
            "storage_config": [],
            "tags": null,
            "tags_all": {},
            "timeouts": null,
            "upgrade_policy": [
              {
                "support_type": "EXTENDED"
              }
            ],
            "version": "1.32",
            "vpc_config": [
              {
                "cluster_security_group_id": "sg-0b13e0bbf8aff2d45",
                "endpoint_private_access": false,
                "endpoint_public_access": true,
                "public_access_cidrs": [
                  "0.0.0.0/0"
                ],
                "security_group_ids": null,
                "subnet_ids": [
                  "subnet-0247a5403f41a20de",
                  "subnet-07a1facb59c70d371"
                ],
                "vpc_id": "vpc-0e2daeae1327a92e3"
              }
            ],
            "zonal_shift_config": []
          },
          "sensitive_attributes": [],
          "private": "eyJlMmJmYjczMC1lY2FhLTExZTYtOGY4OC0zNDM2M2JjN2M0YzAiOnsiY3JlYXRlIjoxODAwMDAwMDAwMDAwLCJkZWxldGUiOjkwMDAwMDAwMDAwMCwidXBkYXRlIjozNjAwMDAwMDAwMDAwfSwic2NoZW1hX3ZlcnNpb24iOiIxIn0=",
          "dependencies": [
            "aws_iam_role.eks_cluster_role",
            "aws_iam_role_policy_attachment.eks_AmazonEKSClusterPolicy",
            "aws_subnet.eks_subnet",
            "aws_vpc.eks_vpc",
            "data.aws_availability_zones.available"
          ]
        }
      ]
    },
    {
      "mode": "managed",
      "type": "aws_eks_node_group",
      "name": "node_group",
      "provider": "provider[\"registry.terraform.io/hashicorp/aws\"]",
      "instances": [
        {
          "schema_version": 0,
          "attributes": {
            "ami_type": "AL2023_x86_64_STANDARD",
            "arn": "arn:aws:eks:us-east-2:975050147953:nodegroup/my-eks-cluster/my-eks-cluster-ng/d4cbc28f-1e38-94e6-deb1-e85532256d08",
            "capacity_type": "ON_DEMAND",
            "cluster_name": "my-eks-cluster",
            "disk_size": 20,
            "force_update_version": null,
            "id": "my-eks-cluster:my-eks-cluster-ng",
            "instance_types": [
              "t3.medium"
            ],
            "labels": null,
            "launch_template": [],
            "node_group_name": "my-eks-cluster-ng",
            "node_group_name_prefix": "",
            "node_repair_config": [],
            "node_role_arn": "arn:aws:iam::975050147953:role/eksNodeRole",
            "region": "us-east-2",
            "release_version": "1.32.3-20250610",
            "remote_access": [],
            "resources": [
              {
                "autoscaling_groups": [
                  {
                    "name": "eks-my-eks-cluster-ng-d4cbc28f-1e38-94e6-deb1-e85532256d08"
                  }
                ],
                "remote_access_security_group_id": ""
              }
            ],
            "scaling_config": [
              {
                "desired_size": 2,
                "max_size": 3,
                "min_size": 1
              }
            ],
            "status": "ACTIVE",
            "subnet_ids": [
              "subnet-0247a5403f41a20de",
              "subnet-07a1facb59c70d371"
            ],
            "tags": null,
            "tags_all": {},
            "taint": [],
            "timeouts": null,
            "update_config": [
              {
                "max_unavailable": 1,
                "max_unavailable_percentage": 0
              }
            ],
            "version": "1.32"
          },
          "sensitive_attributes": [],
          "private": "eyJlMmJmYjczMC1lY2FhLTExZTYtOGY4OC0zNDM2M2JjN2M0YzAiOnsiY3JlYXRlIjozNjAwMDAwMDAwMDAwLCJkZWxldGUiOjM2MDAwMDAwMDAwMDAsInVwZGF0ZSI6MzYwMDAwMDAwMDAwMH19",
          "dependencies": [
            "aws_eks_cluster.eks",
            "aws_iam_role.eks_cluster_role",
            "aws_iam_role.eks_node_role",
            "aws_iam_role_policy_attachment.AmazonEC2ContainerRegistryReadOnly",
            "aws_iam_role_policy_attachment.AmazonEKSWorkerNodePolicy",
            "aws_iam_role_policy_attachment.AmazonEKS_CNI_Policy",
            "aws_iam_role_policy_attachment.eks_AmazonEKSClusterPolicy",
            "aws_subnet.eks_subnet",
            "aws_vpc.eks_vpc",
            "data.aws_availability_zones.available"
          ]
        }
      ]
    },
    {
      "mode": "managed",
      "type": "aws_iam_role",
      "name": "eks_cluster_role",
      "provider": "provider[\"registry.terraform.io/hashicorp/aws\"]",
      "instances": [
        {
          "schema_version": 0,
          "attributes": {
            "arn": "arn:aws:iam::975050147953:role/eksClusterRole",
            "assume_role_policy": "{\"Statement\":[{\"Action\":\"sts:AssumeRole\",\"Effect\":\"Allow\",\"Principal\":{\"Service\":\"eks.amazonaws.com\"}}],\"Version\":\"2012-10-17\"}",
            "create_date": "2025-06-18T22:09:45Z",
            "description": "",
            "force_detach_policies": false,
            "id": "eksClusterRole",
            "inline_policy": [],
            "managed_policy_arns": [],
            "max_session_duration": 3600,
            "name": "eksClusterRole",
            "name_prefix": "",
            "path": "/",
            "permissions_boundary": "",
            "tags": null,
            "tags_all": {},
            "unique_id": "AROA6GBMERBYVY75QMFGZ"
          },
          "sensitive_attributes": [],
          "private": "bnVsbA=="
        }
      ]
    },
    {
      "mode": "managed",
      "type": "aws_iam_role",
      "name": "eks_node_role",
      "provider": "provider[\"registry.terraform.io/hashicorp/aws\"]",
      "instances": [
        {
          "schema_version": 0,
          "attributes": {
            "arn": "arn:aws:iam::975050147953:role/eksNodeRole",
            "assume_role_policy": "{\"Statement\":[{\"Action\":\"sts:AssumeRole\",\"Effect\":\"Allow\",\"Principal\":{\"Service\":\"ec2.amazonaws.com\"}}],\"Version\":\"2012-10-17\"}",
            "create_date": "2025-06-18T22:09:45Z",
            "description": "",
            "force_detach_policies": false,
            "id": "eksNodeRole",
            "inline_policy": [],
            "managed_policy_arns": [],
            "max_session_duration": 3600,
            "name": "eksNodeRole",
            "name_prefix": "",
            "path": "/",
            "permissions_boundary": "",
            "tags": null,
            "tags_all": {},
            "unique_id": "AROA6GBMERBY3YXKB4UU7"
          },
          "sensitive_attributes": [],
          "private": "bnVsbA=="
        }
      ]
    },
    {
      "mode": "managed",
      "type": "aws_iam_role_policy_attachment",
      "name": "AmazonEC2ContainerRegistryReadOnly",
      "provider": "provider[\"registry.terraform.io/hashicorp/aws\"]",
      "instances": [
        {
          "schema_version": 0,
          "attributes": {
            "id": "eksNodeRole-20250618220945656700000001",
            "policy_arn": "arn:aws:iam::aws:policy/AmazonEC2ContainerRegistryReadOnly",
            "role": "eksNodeRole"
          },
          "sensitive_attributes": [],
          "private": "bnVsbA==",
          "dependencies": [
            "aws_iam_role.eks_node_role"
          ]
        }
      ]
    },
    {
      "mode": "managed",
      "type": "aws_iam_role_policy_attachment",
      "name": "AmazonEKSWorkerNodePolicy",
      "provider": "provider[\"registry.terraform.io/hashicorp/aws\"]",
      "instances": [
        {
          "schema_version": 0,
          "attributes": {
            "id": "eksNodeRole-20250618220945774800000003",
            "policy_arn": "arn:aws:iam::aws:policy/AmazonEKSWorkerNodePolicy",
            "role": "eksNodeRole"
          },
          "sensitive_attributes": [],
          "private": "bnVsbA==",
          "dependencies": [
            "aws_iam_role.eks_node_role"
          ]
        }
      ]
    },
    {
      "mode": "managed",
      "type": "aws_iam_role_policy_attachment",
      "name": "AmazonEKS_CNI_Policy",
      "provider": "provider[\"registry.terraform.io/hashicorp/aws\"]",
      "instances": [
        {
          "schema_version": 0,
          "attributes": {
            "id": "eksNodeRole-20250618220945701100000002",
            "policy_arn": "arn:aws:iam::aws:policy/AmazonEKS_CNI_Policy",
            "role": "eksNodeRole"
          },
          "sensitive_attributes": [],
          "private": "bnVsbA==",
          "dependencies": [
            "aws_iam_role.eks_node_role"
          ]
        }
      ]
    },
    {
      "mode": "managed",
      "type": "aws_iam_role_policy_attachment",
      "name": "eks_AmazonEKSClusterPolicy",
      "provider": "provider[\"registry.terraform.io/hashicorp/aws\"]",
      "instances": [
        {
          "schema_version": 0,
          "attributes": {
            "id": "eksClusterRole-20250618220945819200000004",
            "policy_arn": "arn:aws:iam::aws:policy/AmazonEKSClusterPolicy",
            "role": "eksClusterRole"
          },
          "sensitive_attributes": [],
          "private": "bnVsbA==",
          "dependencies": [
            "aws_iam_role.eks_cluster_role"
          ]
        }
      ]
    },
    {
      "mode": "managed",
      "type": "aws_internet_gateway",
      "name": "igw",
      "provider": "provider[\"registry.terraform.io/hashicorp/aws\"]",
      "instances": [
        {
          "schema_version": 0,
          "attributes": {
            "arn": "arn:aws:ec2:us-east-2:975050147953:internet-gateway/igw-0642b2fa352b25351",
            "id": "igw-0642b2fa352b25351",
            "owner_id": "975050147953",
            "region": "us-east-2",
            "tags": null,
            "tags_all": {},
            "timeouts": null,
            "vpc_id": "vpc-0e2daeae1327a92e3"
          },
          "sensitive_attributes": [],
          "private": "eyJlMmJmYjczMC1lY2FhLTExZTYtOGY4OC0zNDM2M2JjN2M0YzAiOnsiY3JlYXRlIjoxMjAwMDAwMDAwMDAwLCJkZWxldGUiOjEyMDAwMDAwMDAwMDAsInVwZGF0ZSI6MTIwMDAwMDAwMDAwMH19",
          "dependencies": [
            "aws_vpc.eks_vpc"
          ]
        }
      ]
    },
    {
      "mode": "managed",
      "type": "aws_route_table",
      "name": "public_rt",
      "provider": "provider[\"registry.terraform.io/hashicorp/aws\"]",
      "instances": [
        {
          "schema_version": 0,
          "attributes": {
            "arn": "arn:aws:ec2:us-east-2:975050147953:route-table/rtb-05af8e821d3499d00",
            "id": "rtb-05af8e821d3499d00",
            "owner_id": "975050147953",
            "propagating_vgws": [],
            "region": "us-east-2",
            "route": [
              {
                "carrier_gateway_id": "",
                "cidr_block": "0.0.0.0/0",
                "core_network_arn": "",
                "destination_prefix_list_id": "",
                "egress_only_gateway_id": "",
                "gateway_id": "igw-0642b2fa352b25351",
                "ipv6_cidr_block": "",
                "local_gateway_id": "",
                "nat_gateway_id": "",
                "network_interface_id": "",
                "transit_gateway_id": "",
                "vpc_endpoint_id": "",
                "vpc_peering_connection_id": ""
              }
            ],
            "tags": null,
            "tags_all": {},
            "timeouts": null,
            "vpc_id": "vpc-0e2daeae1327a92e3"
          },
          "sensitive_attributes": [],
          "private": "eyJlMmJmYjczMC1lY2FhLTExZTYtOGY4OC0zNDM2M2JjN2M0YzAiOnsiY3JlYXRlIjozMDAwMDAwMDAwMDAsImRlbGV0ZSI6MzAwMDAwMDAwMDAwLCJ1cGRhdGUiOjEyMDAwMDAwMDAwMH19",
          "dependencies": [
            "aws_internet_gateway.igw",
            "aws_vpc.eks_vpc"
          ]
        }
      ]
    },
    {
      "mode": "managed",
      "type": "aws_route_table_association",
      "name": "a",
      "provider": "provider[\"registry.terraform.io/hashicorp/aws\"]",
      "instances": [
        {
          "index_key": 0,
          "schema_version": 0,
          "attributes": {
            "gateway_id": "",
            "id": "rtbassoc-090be90ca6604d50d",
            "region": "us-east-2",
            "route_table_id": "rtb-05af8e821d3499d00",
            "subnet_id": "subnet-0247a5403f41a20de",
            "timeouts": null
          },
          "sensitive_attributes": [],
          "private": "eyJlMmJmYjczMC1lY2FhLTExZTYtOGY4OC0zNDM2M2JjN2M0YzAiOnsiY3JlYXRlIjozMDAwMDAwMDAwMDAsImRlbGV0ZSI6MzAwMDAwMDAwMDAwLCJ1cGRhdGUiOjEyMDAwMDAwMDAwMH19",
          "dependencies": [
            "aws_internet_gateway.igw",
            "aws_route_table.public_rt",
            "aws_subnet.eks_subnet",
            "aws_vpc.eks_vpc",
            "data.aws_availability_zones.available"
          ]
        },
        {
          "index_key": 1,
          "schema_version": 0,
          "attributes": {
            "gateway_id": "",
            "id": "rtbassoc-02b6da835789713c8",
            "region": "us-east-2",
            "route_table_id": "rtb-05af8e821d3499d00",
            "subnet_id": "subnet-07a1facb59c70d371",
            "timeouts": null
          },
          "sensitive_attributes": [],
          "private": "eyJlMmJmYjczMC1lY2FhLTExZTYtOGY4OC0zNDM2M2JjN2M0YzAiOnsiY3JlYXRlIjozMDAwMDAwMDAwMDAsImRlbGV0ZSI6MzAwMDAwMDAwMDAwLCJ1cGRhdGUiOjEyMDAwMDAwMDAwMH19",
          "dependencies": [
            "aws_internet_gateway.igw",
            "aws_route_table.public_rt",
            "aws_subnet.eks_subnet",
            "aws_vpc.eks_vpc",
            "data.aws_availability_zones.available"
          ]
        }
      ]
    },
    {
      "mode": "managed",
      "type": "aws_subnet",
      "name": "eks_subnet",
      "provider": "provider[\"registry.terraform.io/hashicorp/aws\"]",
      "instances": [
        {
          "index_key": 0,
          "schema_version": 1,
          "attributes": {
            "arn": "arn:aws:ec2:us-east-2:975050147953:subnet/subnet-0247a5403f41a20de",
            "assign_ipv6_address_on_creation": false,
            "availability_zone": "us-east-2a",
            "availability_zone_id": "use2-az1",
            "cidr_block": "10.0.0.0/24",
            "customer_owned_ipv4_pool": "",
            "enable_dns64": false,
            "enable_lni_at_device_index": 0,
            "enable_resource_name_dns_a_record_on_launch": false,
            "enable_resource_name_dns_aaaa_record_on_launch": false,
            "id": "subnet-0247a5403f41a20de",
            "ipv6_cidr_block": "",
            "ipv6_cidr_block_association_id": "",
            "ipv6_native": false,
            "map_customer_owned_ip_on_launch": false,
            "map_public_ip_on_launch": true,
            "outpost_arn": "",
            "owner_id": "975050147953",
            "private_dns_hostname_type_on_launch": "ip-name",
            "region": "us-east-2",
            "tags": {
              "Name": "eks-subnet-0"
            },
            "tags_all": {
              "Name": "eks-subnet-0"
            },
            "timeouts": null,
            "vpc_id": "vpc-0e2daeae1327a92e3"
          },
          "sensitive_attributes": [],
          "private": "eyJlMmJmYjczMC1lY2FhLTExZTYtOGY4OC0zNDM2M2JjN2M0YzAiOnsiY3JlYXRlIjo2MDAwMDAwMDAwMDAsImRlbGV0ZSI6MTIwMDAwMDAwMDAwMH0sInNjaGVtYV92ZXJzaW9uIjoiMSJ9",
          "dependencies": [
            "aws_vpc.eks_vpc",
            "data.aws_availability_zones.available"
          ]
        },
        {
          "index_key": 1,
          "schema_version": 1,
          "attributes": {
            "arn": "arn:aws:ec2:us-east-2:975050147953:subnet/subnet-07a1facb59c70d371",
            "assign_ipv6_address_on_creation": false,
            "availability_zone": "us-east-2b",
            "availability_zone_id": "use2-az2",
            "cidr_block": "10.0.1.0/24",
            "customer_owned_ipv4_pool": "",
            "enable_dns64": false,
            "enable_lni_at_device_index": 0,
            "enable_resource_name_dns_a_record_on_launch": false,
            "enable_resource_name_dns_aaaa_record_on_launch": false,
            "id": "subnet-07a1facb59c70d371",
            "ipv6_cidr_block": "",
            "ipv6_cidr_block_association_id": "",
            "ipv6_native": false,
            "map_customer_owned_ip_on_launch": false,
            "map_public_ip_on_launch": true,
            "outpost_arn": "",
            "owner_id": "975050147953",
            "private_dns_hostname_type_on_launch": "ip-name",
            "region": "us-east-2",
            "tags": {
              "Name": "eks-subnet-1"
            },
            "tags_all": {
              "Name": "eks-subnet-1"
            },
            "timeouts": null,
            "vpc_id": "vpc-0e2daeae1327a92e3"
          },
          "sensitive_attributes": [],
          "private": "eyJlMmJmYjczMC1lY2FhLTExZTYtOGY4OC0zNDM2M2JjN2M0YzAiOnsiY3JlYXRlIjo2MDAwMDAwMDAwMDAsImRlbGV0ZSI6MTIwMDAwMDAwMDAwMH0sInNjaGVtYV92ZXJzaW9uIjoiMSJ9",
          "dependencies": [
            "aws_vpc.eks_vpc",
            "data.aws_availability_zones.available"
          ]
        }
      ]
    },
    {
      "mode": "managed",
      "type": "aws_vpc",
      "name": "eks_vpc",
      "provider": "provider[\"registry.terraform.io/hashicorp/aws\"]",
      "instances": [
        {
          "schema_version": 1,
          "attributes": {
            "arn": "arn:aws:ec2:us-east-2:975050147953:vpc/vpc-0e2daeae1327a92e3",
            "assign_generated_ipv6_cidr_block": false,
            "cidr_block": "10.0.0.0/16",
            "default_network_acl_id": "acl-0ac22b429089b7ba5",
            "default_route_table_id": "rtb-0f47ba3e2b93dcb7d",
            "default_security_group_id": "sg-0d7109fa150288507",
            "dhcp_options_id": "dopt-0e640a95418610b8d",
            "enable_dns_hostnames": true,
            "enable_dns_support": true,
            "enable_network_address_usage_metrics": false,
            "id": "vpc-0e2daeae1327a92e3",
            "instance_tenancy": "default",
            "ipv4_ipam_pool_id": null,
            "ipv4_netmask_length": null,
            "ipv6_association_id": "",
            "ipv6_cidr_block": "",
            "ipv6_cidr_block_network_border_group": "",
            "ipv6_ipam_pool_id": "",
            "ipv6_netmask_length": 0,
            "main_route_table_id": "rtb-0f47ba3e2b93dcb7d",
            "owner_id": "975050147953",
            "region": "us-east-2",
            "tags": {
              "Name": "eks-vpc"
            },
            "tags_all": {
              "Name": "eks-vpc"
            }
          },
          "sensitive_attributes": [],
          "private": "eyJzY2hlbWFfdmVyc2lvbiI6IjEifQ=="
        }
      ]
    }
  ],
  "check_results": null
}
